
Microsoft Visual Studio Solution File, Format Version 12.00
# Visual Studio Version 17
VisualStudioVersion = 17.14.36327.8
MinimumVisualStudioVersion = 10.0.40219.1
Project("{FAE04EC0-301F-11D3-BF4B-00C04F79EFBC}") = "ImageFlow.Functions", "ImageFlow.Functions\ImageFlow.Functions.csproj", "{EF97D3D7-A297-F040-37B7-0009BA3D118C}"
EndProject
Global
	GlobalSection(SolutionConfigurationPlatforms) = preSolution
		Debug|Any CPU = Debug|Any CPU
		Release|Any CPU = Release|Any CPU
	EndGlobalSection
	GlobalSection(ProjectConfigurationPlatforms) = postSolution
		{EF97D3D7-A297-F040-37B7-0009BA3D118C}.Debug|Any CPU.ActiveCfg = Debug|Any CPU
		{EF97D3D7-A297-F040-37B7-0009BA3D118C}.Debug|Any CPU.Build.0 = Debug|Any CPU
		{EF97D3D7-A297-F040-37B7-0009BA3D118C}.Release|Any CPU.ActiveCfg = Release|Any CPU
		{EF97D3D7-A297-F040-37B7-0009BA3D118C}.Release|Any CPU.Build.0 = Release|Any CPU
	EndGlobalSection
	GlobalSection(SolutionProperties) = preSolution
		HideSolutionNode = FALSE
	EndGlobalSection
	GlobalSection(ExtensibilityGlobals) = postSolution
		SolutionGuid = {FD9007CB-FFBC-40FD-92EB-ECF324D3CEF0}
	EndGlobalSection
EndGlobal
